{
  "schemaVersion" : "npdev-lock.v1",
  "packs" : {
    "clinical" : {
      "resolvedVersion" : "1.0.0",
      "digest" : "sha256:31b4220767b7fae4a2adb61dc8725468c53cf905907489576c88f81ba8df820d",
      "sourcePath" : "packs/clinical/pack.json"
    },
    "identity" : {
      "resolvedVersion" : "1.1.0",
      "digest" : "sha256:92ffa4cb39acf5b89e55122493eec02d8d04947d84a7d001229ee060cd942670",
      "sourcePath" : "packs/identity/pack.json"
    }
  }
}
