{
  "schemaVersion" : "npdev-lock.v1",
  "packs" : {
    "clinical" : {
      "resolvedVersion" : "1.0.0",
      "digest" : "sha256:31b4220767b7fae4a2adb61dc8725468c53cf905907489576c88f81ba8df820d",
      "sourcePath" : "packs/clinical/pack.json"
    },
    "identity" : {
      "resolvedVersion" : "1.2.0",
      "digest" : "sha256:f5acae79f76ddddc9acb2690b4a321cfda2c9df4f7287e949ec4d5a19ae11889",
      "sourcePath" : "packs/identity/pack.json"
    }
  }
}
